// !$*UTF8*$!
{
	archiveVersion = 1;
	classes = {
	};
	objectVersion = 56;
	objects = {

/* Begin PBXBuildFile section */
		9CCEC0AE2E10293B0017494A /* SwiftUI_WordListApp.swift in Sources */ = {isa = PBXBuildFile; fileRef = 9CCEC0AD2E10293B0017494A /* SwiftUI_WordListApp.swift */; };
		9CCEC0B02E10293B0017494A /* ContentView.swift in Sources */ = {isa = PBXBuildFile; fileRef = 9CCEC0AF2E10293B0017494A /* ContentView.swift */; };
		9CCEC0B22E10293C0017494A /* Assets.xcassets in Resources */ = {isa = PBXBuildFile; fileRef = 9CCEC0B12E10293C0017494A /* Assets.xcassets */; };
		9CCEC0B52E10293C0017494A /* Preview Assets.xcassets in Resources */ = {isa = PBXBuildFile; fileRef = 9CCEC0B42E10293C0017494A /* Preview Assets.xcassets */; };
		9CCEC0BC2E1029840017494A /* WordPreviewContainer.swift in Sources */ = {isa = PBXBuildFile; fileRef = 9CCEC0BB2E1029840017494A /* WordPreviewContainer.swift */; };
		9CCEC0BE2E1029D90017494A /* Word.swift in Sources */ = {isa = PBXBuildFile; fileRef = 9CCEC0BD2E1029D90017494A /* Word.swift */; };
		9CCEC0C22E1037F70017494A /* QuizView.swift in Sources */ = {isa = PBXBuildFile; fileRef = 9CCEC0C12E1037F70017494A /* QuizView.swift */; };
		9CCEC0C62E103B4E0017494A /* WordListView.swift in Sources */ = {isa = PBXBuildFile; fileRef = 9CCEC0C52E103B4E0017494A /* WordListView.swift */; };
		9CCEC0C82E103CDA0017494A /* AddWordView.swift in Sources */ = {isa = PBXBuildFile; fileRef = 9CCEC0C72E103CDA0017494A /* AddWordView.swift */; };
/* End PBXBuildFile section */

/* Begin PBXFileReference section */
		9CCEC0AA2E10293B0017494A /* SwiftUI_WordList.app */ = {isa = PBXFileReference; explicitFileType = wrapper.application; includeInIndex = 0; path = SwiftUI_WordList.app; sourceTree = BUILT_PRODUCTS_DIR; };
		9CCEC0AD2E10293B0017494A /* SwiftUI_WordListApp.swift */ = {isa = PBXFileReference; lastKnownFileType = sourcecode.swift; path = SwiftUI_WordListApp.swift; sourceTree = "<group>"; };
		9CCEC0AF2E10293B0017494A /* ContentView.swift */ = {isa = PBXFileReference; lastKnownFileType = sourcecode.swift; path = ContentView.swift; sourceTree = "<group>"; };
		9CCEC0B12E10293C0017494A /* Assets.xcassets */ = {isa = PBXFileReference; lastKnownFileType = folder.assetcatalog; path = Assets.xcassets; sourceTree = "<group>"; };
		9CCEC0B42E10293C0017494A /* Preview Assets.xcassets */ = {isa = PBXFileReference; lastKnownFileType = folder.assetcatalog; path = "Preview Assets.xcassets"; sourceTree = "<group>"; };
		9CCEC0BB2E1029840017494A /* WordPreviewContainer.swift */ = {isa = PBXFileReference; fileEncoding = 4; lastKnownFileType = sourcecode.swift; path = WordPreviewContainer.swift; sourceTree = "<group>"; };
		9CCEC0BD2E1029D90017494A /* Word.swift */ = {isa = PBXFileReference; lastKnownFileType = sourcecode.swift; path = Word.swift; sourceTree = "<group>"; };
		9CCEC0C12E1037F70017494A /* QuizView.swift */ = {isa = PBXFileReference; lastKnownFileType = sourcecode.swift; path = QuizView.swift; sourceTree = "<group>"; };
		9CCEC0C52E103B4E0017494A /* WordListView.swift */ = {isa = PBXFileReference; lastKnownFileType = sourcecode.swift; path = WordListView.swift; sourceTree = "<group>"; };
		9CCEC0C72E103CDA0017494A /* AddWordView.swift */ = {isa = PBXFileReference; lastKnownFileType = sourcecode.swift; path = AddWordView.swift; sourceTree = "<group>"; };
/* End PBXFileReference section */

/* Begin PBXFrameworksBuildPhase section */
		9CCEC0A72E10293B0017494A /* Frameworks */ = {
			isa = PBXFrameworksBuildPhase;
			buildActionMask = 2147483647;
			files = (
			);
			runOnlyForDeploymentPostprocessing = 0;
		};
/* End PBXFrameworksBuildPhase section */

/* Begin PBXGroup section */
		9CCEC0A12E10293B0017494A = {
			isa = PBXGroup;
			children = (
				9CCEC0AC2E10293B0017494A /* SwiftUI_WordList */,
				9CCEC0AB2E10293B0017494A /* Products */,
			);
			sourceTree = "<group>";
		};
		9CCEC0AB2E10293B0017494A /* Products */ = {
			isa = PBXGroup;
			children = (
				9CCEC0AA2E10293B0017494A /* SwiftUI_WordList.app */,
			);
			name = Products;
			sourceTree = "<group>";
		};
		9CCEC0AC2E10293B0017494A /* SwiftUI_WordList */ = {
			isa = PBXGroup;
			children = (
				9CCEC0AD2E10293B0017494A /* SwiftUI_WordListApp.swift */,
				9CCEC0AF2E10293B0017494A /* ContentView.swift */,
				9CCEC0BB2E1029840017494A /* WordPreviewContainer.swift */,
				9CCEC0BD2E1029D90017494A /* Word.swift */,
				9CCEC0B12E10293C0017494A /* Assets.xcassets */,
				9CCEC0B32E10293C0017494A /* Preview Content */,
				9CCEC0C12E1037F70017494A /* QuizView.swift */,
				9CCEC0C52E103B4E0017494A /* WordListView.swift */,
				9CCEC0C72E103CDA0017494A /* AddWordView.swift */,
			);
			path = SwiftUI_WordList;
			sourceTree = "<group>";
		};
		9CCEC0B32E10293C0017494A /* Preview Content */ = {
			isa = PBXGroup;
			children = (
				9CCEC0B42E10293C0017494A /* Preview Assets.xcassets */,
			);
			path = "Preview Content";
			sourceTree = "<group>";
		};
/* End PBXGroup section */

/* Begin PBXNativeTarget section */
		9CCEC0A92E10293B0017494A /* SwiftUI_WordList */ = {
			isa = PBXNativeTarget;
			buildConfigurationList = 9CCEC0B82E10293C0017494A /* Build configuration list for PBXNativeTarget "SwiftUI_WordList" */;
			buildPhases = (
				9CCEC0A62E10293B0017494A /* Sources */,
				9CCEC0A72E10293B0017494A /* Frameworks */,
				9CCEC0A82E10293B0017494A /* Resources */,
			);
			buildRules = (
			);
			dependencies = (
			);
			name = SwiftUI_WordList;
			productName = SwiftUI_WordList;
			productReference = 9CCEC0AA2E10293B0017494A /* SwiftUI_WordList.app */;
			productType = "com.apple.product-type.application";
		};
/* End PBXNativeTarget section */

/* Begin PBXProject section */
		9CCEC0A22E10293B0017494A /* Project object */ = {
			isa = PBXProject;
			attributes = {
				BuildIndependentTargetsInParallel = 1;
				LastSwiftUpdateCheck = 1500;
				LastUpgradeCheck = 1500;
				TargetAttributes = {
					9CCEC0A92E10293B0017494A = {
						CreatedOnToolsVersion = 15.0.1;
					};
				};
			};
			buildConfigurationList = 9CCEC0A52E10293B0017494A /* Build configuration list for PBXProject "SwiftUI_WordList" */;
			compatibilityVersion = "Xcode 14.0";
			developmentRegion = en;
			hasScannedForEncodings = 0;
			knownRegions = (
				en,
				Base,
			);
			mainGroup = 9CCEC0A12E10293B0017494A;
			productRefGroup = 9CCEC0AB2E10293B0017494A /* Products */;
			projectDirPath = "";
			projectRoot = "";
			targets = (
				9CCEC0A92E10293B0017494A /* SwiftUI_WordList */,
			);
		};
/* End PBXProject section */

/* Begin PBXResourcesBuildPhase section */
		9CCEC0A82E10293B0017494A /* Resources */ = {
			isa = PBXResourcesBuildPhase;
			buildActionMask = 2147483647;
			files = (
				9CCEC0B52E10293C0017494A /* Preview Assets.xcassets in Resources */,
				9CCEC0B22E10293C0017494A /* Assets.xcassets in Resources */,
			);
			runOnlyForDeploymentPostprocessing = 0;
		};
/* End PBXResourcesBuildPhase section */

/* Begin PBXSourcesBuildPhase section */
		9CCEC0A62E10293B0017494A /* Sources */ = {
			isa = PBXSourcesBuildPhase;
			buildActionMask = 2147483647;
			files = (
				9CCEC0B02E10293B0017494A /* ContentView.swift in Sources */,
				9CCEC0BE2E1029D90017494A /* Word.swift in Sources */,
				9CCEC0C22E1037F70017494A /* QuizView.swift in Sources */,
				9CCEC0AE2E10293B0017494A /* SwiftUI_WordListApp.swift in Sources */,
				9CCEC0C62E103B4E0017494A /* WordListView.swift in Sources */,
				9CCEC0C82E103CDA0017494A /* AddWordView.swift in Sources */,
				9CCEC0BC2E1029840017494A /* WordPreviewContainer.swift in Sources */,
			);
			runOnlyForDeploymentPostprocessing = 0;
		};
/* End PBXSourcesBuildPhase section */

/* Begin XCBuildConfiguration section */
		9CCEC0B62E10293C0017494A /* Debug */ = {
			isa = XCBuildConfiguration;
			buildSettings = {
				ALWAYS_SEARCH_USER_PATHS = NO;
				ASSETCATALOG_COMPILER_GENERATE_SWIFT_ASSET_SYMBOL_EXTENSIONS = YES;
				CLANG_ANALYZER_NONNULL = YES;
				CLANG_ANALYZER_NUMBER_OBJECT_CONVERSION = YES_AGGRESSIVE;
				CLANG_CXX_LANGUAGE_STANDARD = "gnu++20";
				CLANG_ENABLE_MODULES = YES;
				CLANG_ENABLE_OBJC_ARC = YES;
				CLANG_ENABLE_OBJC_WEAK = YES;
				CLANG_WARN_BLOCK_CAPTURE_AUTORELEASING = YES;
				CLANG_WARN_BOOL_CONVERSION = YES;
				CLANG_WARN_COMMA = YES;
				CLANG_WARN_CONSTANT_CONVERSION = YES;
				CLANG_WARN_DEPRECATED_OBJC_IMPLEMENTATIONS = YES;
				CLANG_WARN_DIRECT_OBJC_ISA_USAGE = YES_ERROR;
				CLANG_WARN_DOCUMENTATION_COMMENTS = YES;
				CLANG_WARN_EMPTY_BODY = YES;
				CLANG_WARN_ENUM_CONVERSION = YES;
				CLANG_WARN_INFINITE_RECURSION = YES;
				CLANG_WARN_INT_CONVERSION = YES;
				CLANG_WARN_NON_LITERAL_NULL_CONVERSION = YES;
				CLANG_WARN_OBJC_IMPLICIT_RETAIN_SELF = YES;
				CLANG_WARN_OBJC_LITERAL_CONVERSION = YES;
				CLANG_WARN_OBJC_ROOT_CLASS = YES_ERROR;
				CLANG_WARN_QUOTED_INCLUDE_IN_FRAMEWORK_HEADER = YES;
				CLANG_WARN_RANGE_LOOP_ANALYSIS = YES;
				CLANG_WARN_STRICT_PROTOTYPES = YES;
				CLANG_WARN_SUSPICIOUS_MOVE = YES;
				CLANG_WARN_UNGUARDED_AVAILABILITY = YES_AGGRESSIVE;
				CLANG_WARN_UNREACHABLE_CODE = YES;
				CLANG_WARN__DUPLICATE_METHOD_MATCH = YES;
				COPY_PHASE_STRIP = NO;
				DEBUG_INFORMATION_FORMAT = dwarf;
				ENABLE_STRICT_OBJC_MSGSEND = YES;
				ENABLE_TESTABILITY = YES;
				ENABLE_USER_SCRIPT_SANDBOXING = YES;
				GCC_C_LANGUAGE_STANDARD = gnu17;
				GCC_DYNAMIC_NO_PIC = NO;
				GCC_NO_COMMON_BLOCKS = YES;
				GCC_OPTIMIZATION_LEVEL = 0;
				GCC_PREPROCESSOR_DEFINITIONS = (
					"DEBUG=1",
					"$(inherited)",
				);
				GCC_WARN_64_TO_32_BIT_CONVERSION = YES;
				GCC_WARN_ABOUT_RETURN_TYPE = YES_ERROR;
				GCC_WARN_UNDECLARED_SELECTOR = YES;
				GCC_WARN_UNINITIALIZED_AUTOS = YES_AGGRESSIVE;
				GCC_WARN_UNUSED_FUNCTION = YES;
				GCC_WARN_UNUSED_VARIABLE = YES;
				IPHONEOS_DEPLOYMENT_TARGET = 17.0;
				LOCALIZATION_PREFERS_STRING_CATALOGS = YES;
				MTL_ENABLE_DEBUG_INFO = INCLUDE_SOURCE;
				MTL_FAST_MATH = YES;
				ONLY_ACTIVE_ARCH = YES;
				SDKROOT = iphoneos;
				SWIFT_ACTIVE_COMPILATION_CONDITIONS = "DEBUG $(inherited)";
				SWIFT_OPTIMIZATION_LEVEL = "-Onone";
			};
			name = Debug;
		};
		9CCEC0B72E10293C0017494A /* Release */ = {
			isa = XCBuildConfiguration;
			buildSettings = {
				ALWAYS_SEARCH_USER_PATHS = NO;
				ASSETCATALOG_COMPILER_GENERATE_SWIFT_ASSET_SYMBOL_EXTENSIONS = YES;
				CLANG_ANALYZER_NONNULL = YES;
				CLANG_ANALYZER_NUMBER_OBJECT_CONVERSION = YES_AGGRESSIVE;
				CLANG_CXX_LANGUAGE_STANDARD = "gnu++20";
				CLANG_ENABLE_MODULES = YES;
				CLANG_ENABLE_OBJC_ARC = YES;
				CLANG_ENABLE_OBJC_WEAK = YES;
				CLANG_WARN_BLOCK_CAPTURE_AUTORELEASING = YES;
				CLANG_WARN_BOOL_CONVERSION = YES;
				CLANG_WARN_COMMA = YES;
				CLANG_WARN_CONSTANT_CONVERSION = YES;
				CLANG_WARN_DEPRECATED_OBJC_IMPLEMENTATIONS = YES;
				CLANG_WARN_DIRECT_OBJC_ISA_USAGE = YES_ERROR;
				CLANG_WARN_DOCUMENTATION_COMMENTS = YES;
				CLANG_WARN_EMPTY_BODY = YES;
				CLANG_WARN_ENUM_CONVERSION = YES;
				CLANG_WARN_INFINITE_RECURSION = YES;
				CLANG_WARN_INT_CONVERSION = YES;
				CLANG_WARN_NON_LITERAL_NULL_CONVERSION = YES;
				CLANG_WARN_OBJC_IMPLICIT_RETAIN_SELF = YES;
				CLANG_WARN_OBJC_LITERAL_CONVERSION = YES;
				CLANG_WARN_OBJC_ROOT_CLASS = YES_ERROR;
				CLANG_WARN_QUOTED_INCLUDE_IN_FRAMEWORK_HEADER = YES;
				CLANG_WARN_RANGE_LOOP_ANALYSIS = YES;
				CLANG_WARN_STRICT_PROTOTYPES = YES;
				CLANG_WARN_SUSPICIOUS_MOVE = YES;
				CLANG_WARN_UNGUARDED_AVAILABILITY = YES_AGGRESSIVE;
				CLANG_WARN_UNREACHABLE_CODE = YES;
				CLANG_WARN__DUPLICATE_METHOD_MATCH = YES;
				COPY_PHASE_STRIP = NO;
				DEBUG_INFORMATION_FORMAT = "dwarf-with-dsym";
				ENABLE_NS_ASSERTIONS = NO;
				ENABLE_STRICT_OBJC_MSGSEND = YES;
				ENABLE_USER_SCRIPT_SANDBOXING = YES;
				GCC_C_LANGUAGE_STANDARD = gnu17;
				GCC_NO_COMMON_BLOCKS = YES;
				GCC_WARN_64_TO_32_BIT_CONVERSION = YES;
				GCC_WARN_ABOUT_RETURN_TYPE = YES_ERROR;
				GCC_WARN_UNDECLARED_SELECTOR = YES;
				GCC_WARN_UNINITIALIZED_AUTOS = YES_AGGRESSIVE;
				GCC_WARN_UNUSED_FUNCTION = YES;
				GCC_WARN_UNUSED_VARIABLE = YES;
				IPHONEOS_DEPLOYMENT_TARGET = 17.0;
				LOCALIZATION_PREFERS_STRING_CATALOGS = YES;
				MTL_ENABLE_DEBUG_INFO = NO;
				MTL_FAST_MATH = YES;
				SDKROOT = iphoneos;
				SWIFT_COMPILATION_MODE = wholemodule;
				VALIDATE_PRODUCT = YES;
			};
			name = Release;
		};
		9CCEC0B92E10293C0017494A /* Debug */ = {
			isa = XCBuildConfiguration;
			buildSettings = {
				ASSETCATALOG_COMPILER_APPICON_NAME = AppIcon;
				ASSETCATALOG_COMPILER_GLOBAL_ACCENT_COLOR_NAME = AccentColor;
				CODE_SIGN_STYLE = Automatic;
				CURRENT_PROJECT_VERSION = 1;
				DEVELOPMENT_ASSET_PATHS = "\"SwiftUI_WordList/Preview Content\"";
				DEVELOPMENT_TEAM = V7EPKJW7KG;
				ENABLE_PREVIEWS = YES;
				GENERATE_INFOPLIST_FILE = YES;
				INFOPLIST_KEY_UIApplicationSceneManifest_Generation = YES;
				INFOPLIST_KEY_UIApplicationSupportsIndirectInputEvents = YES;
				INFOPLIST_KEY_UILaunchScreen_Generation = YES;
				INFOPLIST_KEY_UISupportedInterfaceOrientations_iPad = "UIInterfaceOrientationPortrait UIInterfaceOrientationPortraitUpsideDown UIInterfaceOrientationLandscapeLeft UIInterfaceOrientationLandscapeRight";
				INFOPLIST_KEY_UISupportedInterfaceOrientations_iPhone = "UIInterfaceOrientationPortrait UIInterfaceOrientationLandscapeLeft UIInterfaceOrientationLandscapeRight";
				LD_RUNPATH_SEARCH_PATHS = (
					"$(inherited)",
					"@executable_path/Frameworks",
				);
				MARKETING_VERSION = 1.0;
				PRODUCT_BUNDLE_IDENTIFIER = "marinanoapp.SwiftUI-WordList";
				PRODUCT_NAME = "$(TARGET_NAME)";
				SWIFT_EMIT_LOC_STRINGS = YES;
				SWIFT_VERSION = 5.0;
				TARGETED_DEVICE_FAMILY = "1,2";
			};
			name = Debug;
		};
		9CCEC0BA2E10293C0017494A /* Release */ = {
			isa = XCBuildConfiguration;
			buildSettings = {
				ASSETCATALOG_COMPILER_APPICON_NAME = AppIcon;
				ASSETCATALOG_COMPILER_GLOBAL_ACCENT_COLOR_NAME = AccentColor;
				CODE_SIGN_STYLE = Automatic;
				CURRENT_PROJECT_VERSION = 1;
				DEVELOPMENT_ASSET_PATHS = "\"SwiftUI_WordList/Preview Content\"";
				DEVELOPMENT_TEAM = V7EPKJW7KG;
				ENABLE_PREVIEWS = YES;
				GENERATE_INFOPLIST_FILE = YES;
				INFOPLIST_KEY_UIApplicationSceneManifest_Generation = YES;
				INFOPLIST_KEY_UIApplicationSupportsIndirectInputEvents = YES;
				INFOPLIST_KEY_UILaunchScreen_Generation = YES;
				INFOPLIST_KEY_UISupportedInterfaceOrientations_iPad = "UIInterfaceOrientationPortrait UIInterfaceOrientationPortraitUpsideDown UIInterfaceOrientationLandscapeLeft UIInterfaceOrientationLandscapeRight";
				INFOPLIST_KEY_UISupportedInterfaceOrientations_iPhone = "UIInterfaceOrientationPortrait UIInterfaceOrientationLandscapeLeft UIInterfaceOrientationLandscapeRight";
				LD_RUNPATH_SEARCH_PATHS = (
					"$(inherited)",
					"@executable_path/Frameworks",
				);
				MARKETING_VERSION = 1.0;
				PRODUCT_BUNDLE_IDENTIFIER = "marinanoapp.SwiftUI-WordList";
				PRODUCT_NAME = "$(TARGET_NAME)";
				SWIFT_EMIT_LOC_STRINGS = YES;
				SWIFT_VERSION = 5.0;
				TARGETED_DEVICE_FAMILY = "1,2";
			};
			name = Release;
		};
/* End XCBuildConfiguration section */

/* Begin XCConfigurationList section */
		9CCEC0A52E10293B0017494A /* Build configuration list for PBXProject "SwiftUI_WordList" */ = {
			isa = XCConfigurationList;
			buildConfigurations = (
				9CCEC0B62E10293C0017494A /* Debug */,
				9CCEC0B72E10293C0017494A /* Release */,
			);
			defaultConfigurationIsVisible = 0;
			defaultConfigurationName = Release;
		};
		9CCEC0B82E10293C0017494A /* Build configuration list for PBXNativeTarget "SwiftUI_WordList" */ = {
			isa = XCConfigurationList;
			buildConfigurations = (
				9CCEC0B92E10293C0017494A /* Debug */,
				9CCEC0BA2E10293C0017494A /* Release */,
			);
			defaultConfigurationIsVisible = 0;
			defaultConfigurationName = Release;
		};
/* End XCConfigurationList section */
	};
	rootObject = 9CCEC0A22E10293B0017494A /* Project object */;
}
